
Microsoft Visual Studio Solution File, Format Version 12.00
# Visual Studio 15
VisualStudioVersion = 15.0.27703.2042
MinimumVisualStudioVersion = 10.0.40219.1
Project("{FAE04EC0-301F-11D3-BF4B-00C04F79EFBC}") = "ExtractPdfImages", "ExtractPdfImages\ExtractPdfImages.csproj", "{ED3254E3-9044-4C9F-9F02-969C9764281D}"
EndProject
Global
	GlobalSection(SolutionConfigurationPlatforms) = preSolution
		Debug|Any CPU = Debug|Any CPU
		Release|Any CPU = Release|Any CPU
	EndGlobalSection
	GlobalSection(ProjectConfigurationPlatforms) = postSolution
		{ED3254E3-9044-4C9F-9F02-969C9764281D}.Debug|Any CPU.ActiveCfg = Debug|Any CPU
		{ED3254E3-9044-4C9F-9F02-969C9764281D}.Debug|Any CPU.Build.0 = Debug|Any CPU
		{ED3254E3-9044-4C9F-9F02-969C9764281D}.Release|Any CPU.ActiveCfg = Release|Any CPU
		{ED3254E3-9044-4C9F-9F02-969C9764281D}.Release|Any CPU.Build.0 = Release|Any CPU
	EndGlobalSection
	GlobalSection(SolutionProperties) = preSolution
		HideSolutionNode = FALSE
	EndGlobalSection
	GlobalSection(ExtensibilityGlobals) = postSolution
		SolutionGuid = {B14259E2-8BDC-4AEA-AC44-2821B2E69E98}
	EndGlobalSection
EndGlobal
